
Microsoft Visual Studio Solution File, Format Version 12.00
# Visual Studio Version 17
VisualStudioVersion = 17.14.36301.6 d17.14
MinimumVisualStudioVersion = 10.0.40219.1
Project("{FAE04EC0-301F-11D3-BF4B-00C04F79EFBC}") = "PRM393_Travel_Planner_BE", "PRM393_Travel_Planner_BE.csproj", "{751E8EB7-4D54-4441-8B02-D1C6E12CD20F}"
EndProject
Global
	GlobalSection(SolutionConfigurationPlatforms) = preSolution
		Debug|Any CPU = Debug|Any CPU
		Release|Any CPU = Release|Any CPU
	EndGlobalSection
	GlobalSection(ProjectConfigurationPlatforms) = postSolution
		{751E8EB7-4D54-4441-8B02-D1C6E12CD20F}.Debug|Any CPU.ActiveCfg = Debug|Any CPU
		{751E8EB7-4D54-4441-8B02-D1C6E12CD20F}.Debug|Any CPU.Build.0 = Debug|Any CPU
		{751E8EB7-4D54-4441-8B02-D1C6E12CD20F}.Release|Any CPU.ActiveCfg = Release|Any CPU
		{751E8EB7-4D54-4441-8B02-D1C6E12CD20F}.Release|Any CPU.Build.0 = Release|Any CPU
	EndGlobalSection
	GlobalSection(SolutionProperties) = preSolution
		HideSolutionNode = FALSE
	EndGlobalSection
	GlobalSection(ExtensibilityGlobals) = postSolution
		SolutionGuid = {236992AE-37FD-486D-8DAD-D3F3B1F2596E}
	EndGlobalSection
EndGlobal
